# THIS IS AN AUTOGENERATED FILE. DO NOT EDIT THIS FILE DIRECTLY.
# yarn lockfile v1


get-stdin@~0.1.0:
  version "0.1.0"
  resolved "https://mirrors.huaweicloud.com/repository/npm/get-stdin/-/get-stdin-0.1.0.tgz#5998af24aafc802d15c82c685657eeb8b10d4a91"
  integrity sha512-/WBu3IaQZxE3bs3BhBmR10ipDY4pjN+U4EZgXULa1eqKA0B/Lka/MVoAqhTVYBkkRlCrEGDOU9itrzIgm9Ksng==

pandoc-filter@^0.1.3:
  version "0.1.8"
  resolved "https://mirrors.huaweicloud.com/repository/npm/pandoc-filter/-/pandoc-filter-0.1.8.tgz#5c6952f67a17a6481794255f7476b45f3bf71c33"
  integrity sha512-vUe/6vbKX/X+7utsn5bgNXkq7G/NOfIRVguOh8LQG8wwnoqjgcsJH4xvvRRaHbUWgsAf6OQAGbPTeOsPoLwVGQ==
  dependencies:
    get-stdin "~0.1.0"

rimraf@^4.0.4:
  version "4.0.4"
  resolved "https://registry.yarnpkg.com/rimraf/-/rimraf-4.0.4.tgz#8d0a91709fdc294d40f59c773f63c44e8dc878f1"
  integrity sha512-R0hoVr9xTwemarQjoWlNt/nb5dEGVTBhVdkRmEX2zEkT8T6onH0XKiGjuaC7rNNj/gYzY2p4NVRJ3sjO1ascHQ==
